
Microsoft Visual Studio Solution File, Format Version 12.00
# Visual Studio 14
VisualStudioVersion = 14.0.25420.1
MinimumVisualStudioVersion = 10.0.40219.1
Project("{FAE04EC0-301F-11D3-BF4B-00C04F79EFBC}") = "01. Personal Titles", "01. Personal Titles\01. Personal Titles.csproj", "{1A4D8E97-5271-4B32-94D8-21FCD4BB2B6F}"
EndProject
Project("{FAE04EC0-301F-11D3-BF4B-00C04F79EFBC}") = "02. Small Shop", "02. Small Shop\02. Small Shop.csproj", "{28EF6BC1-5255-4BE7-8453-9C16B6B46A37}"
EndProject
Project("{FAE04EC0-301F-11D3-BF4B-00C04F79EFBC}") = "03. Point in Rectangle", "03. Point in Rectangle\03. Point in Rectangle.csproj", "{285D9D30-18F3-41F9-BA36-7144E7F5FC05}"
EndProject
Project("{FAE04EC0-301F-11D3-BF4B-00C04F79EFBC}") = "04. Fruit or Vegetable", "04. Fruit or Vegetable\04. Fruit or Vegetable.csproj", "{9BA5BE8D-C43C-4762-BE3A-088CE7E862C6}"
EndProject
Project("{FAE04EC0-301F-11D3-BF4B-00C04F79EFBC}") = "05. Invalid Number", "05. Invalid Number\05. Invalid Number.csproj", "{B50AFFB8-031E-4C94-A08B-5D9EC3F3B9DC}"
EndProject
Project("{FAE04EC0-301F-11D3-BF4B-00C04F79EFBC}") = "06. Point on Rectangle Border", "06. Point on Rectangle Border\06. Point on Rectangle Border.csproj", "{9B1AE44B-CA3C-4F15-B91E-7B750777641A}"
EndProject
Project("{FAE04EC0-301F-11D3-BF4B-00C04F79EFBC}") = "07. Fruit Shop", "07. Fruit Shop\07. Fruit Shop.csproj", "{F11E3F33-61D7-4340-B1D6-D9875A9555A3}"
EndProject
Project("{FAE04EC0-301F-11D3-BF4B-00C04F79EFBC}") = "08. Trade Comissions", "08. Trade Comissions\08. Trade Comissions.csproj", "{FEF0ECCC-42F1-4AC5-84A6-55AF88F43D2E}"
EndProject
Project("{FAE04EC0-301F-11D3-BF4B-00C04F79EFBC}") = "09. Day of Week", "09. Day of Week\09. Day of Week.csproj", "{025C0732-ED80-4A4A-9952-1663286CBB87}"
EndProject
Project("{FAE04EC0-301F-11D3-BF4B-00C04F79EFBC}") = "10. Animal Type", "10. Animal Type\10. Animal Type.csproj", "{E4F71214-5EDA-4DAC-BD8E-3BD1F3AB93BD}"
EndProject
Project("{FAE04EC0-301F-11D3-BF4B-00C04F79EFBC}") = "11. Cinema", "11. Cinema\11. Cinema.csproj", "{5D8603C3-B341-4B9B-A96A-059BAE01FE91}"
EndProject
Project("{FAE04EC0-301F-11D3-BF4B-00C04F79EFBC}") = "12. Volleyball", "12. Volleyball\12. Volleyball.csproj", "{019A3CF9-1619-4591-9570-195677BC37C7}"
EndProject
Project("{FAE04EC0-301F-11D3-BF4B-00C04F79EFBC}") = "13. Point in the Figure", "13. Point in the Figure\13. Point in the Figure.csproj", "{B12134FB-40BC-4855-97AB-10182B9805D2}"
EndProject
Global
	GlobalSection(SolutionConfigurationPlatforms) = preSolution
		Debug|Any CPU = Debug|Any CPU
		Release|Any CPU = Release|Any CPU
	EndGlobalSection
	GlobalSection(ProjectConfigurationPlatforms) = postSolution
		{1A4D8E97-5271-4B32-94D8-21FCD4BB2B6F}.Debug|Any CPU.ActiveCfg = Debug|Any CPU
		{1A4D8E97-5271-4B32-94D8-21FCD4BB2B6F}.Debug|Any CPU.Build.0 = Debug|Any CPU
		{1A4D8E97-5271-4B32-94D8-21FCD4BB2B6F}.Release|Any CPU.ActiveCfg = Release|Any CPU
		{1A4D8E97-5271-4B32-94D8-21FCD4BB2B6F}.Release|Any CPU.Build.0 = Release|Any CPU
		{28EF6BC1-5255-4BE7-8453-9C16B6B46A37}.Debug|Any CPU.ActiveCfg = Debug|Any CPU
		{28EF6BC1-5255-4BE7-8453-9C16B6B46A37}.Debug|Any CPU.Build.0 = Debug|Any CPU
		{28EF6BC1-5255-4BE7-8453-9C16B6B46A37}.Release|Any CPU.ActiveCfg = Release|Any CPU
		{28EF6BC1-5255-4BE7-8453-9C16B6B46A37}.Release|Any CPU.Build.0 = Release|Any CPU
		{285D9D30-18F3-41F9-BA36-7144E7F5FC05}.Debug|Any CPU.ActiveCfg = Debug|Any CPU
		{285D9D30-18F3-41F9-BA36-7144E7F5FC05}.Debug|Any CPU.Build.0 = Debug|Any CPU
		{285D9D30-18F3-41F9-BA36-7144E7F5FC05}.Release|Any CPU.ActiveCfg = Release|Any CPU
		{285D9D30-18F3-41F9-BA36-7144E7F5FC05}.Release|Any CPU.Build.0 = Release|Any CPU
		{9BA5BE8D-C43C-4762-BE3A-088CE7E862C6}.Debug|Any CPU.ActiveCfg = Debug|Any CPU
		{9BA5BE8D-C43C-4762-BE3A-088CE7E862C6}.Debug|Any CPU.Build.0 = Debug|Any CPU
		{9BA5BE8D-C43C-4762-BE3A-088CE7E862C6}.Release|Any CPU.ActiveCfg = Release|Any CPU
		{9BA5BE8D-C43C-4762-BE3A-088CE7E862C6}.Release|Any CPU.Build.0 = Release|Any CPU
		{B50AFFB8-031E-4C94-A08B-5D9EC3F3B9DC}.Debug|Any CPU.ActiveCfg = Debug|Any CPU
		{B50AFFB8-031E-4C94-A08B-5D9EC3F3B9DC}.Debug|Any CPU.Build.0 = Debug|Any CPU
		{B50AFFB8-031E-4C94-A08B-5D9EC3F3B9DC}.Release|Any CPU.ActiveCfg = Release|Any CPU
		{B50AFFB8-031E-4C94-A08B-5D9EC3F3B9DC}.Release|Any CPU.Build.0 = Release|Any CPU
		{9B1AE44B-CA3C-4F15-B91E-7B750777641A}.Debug|Any CPU.ActiveCfg = Debug|Any CPU
		{9B1AE44B-CA3C-4F15-B91E-7B750777641A}.Debug|Any CPU.Build.0 = Debug|Any CPU
		{9B1AE44B-CA3C-4F15-B91E-7B750777641A}.Release|Any CPU.ActiveCfg = Release|Any CPU
		{9B1AE44B-CA3C-4F15-B91E-7B750777641A}.Release|Any CPU.Build.0 = Release|Any CPU
		{F11E3F33-61D7-4340-B1D6-D9875A9555A3}.Debug|Any CPU.ActiveCfg = Debug|Any CPU
		{F11E3F33-61D7-4340-B1D6-D9875A9555A3}.Debug|Any CPU.Build.0 = Debug|Any CPU
		{F11E3F33-61D7-4340-B1D6-D9875A9555A3}.Release|Any CPU.ActiveCfg = Release|Any CPU
		{F11E3F33-61D7-4340-B1D6-D9875A9555A3}.Release|Any CPU.Build.0 = Release|Any CPU
		{FEF0ECCC-42F1-4AC5-84A6-55AF88F43D2E}.Debug|Any CPU.ActiveCfg = Debug|Any CPU
		{FEF0ECCC-42F1-4AC5-84A6-55AF88F43D2E}.Debug|Any CPU.Build.0 = Debug|Any CPU
		{FEF0ECCC-42F1-4AC5-84A6-55AF88F43D2E}.Release|Any CPU.ActiveCfg = Release|Any CPU
		{FEF0ECCC-42F1-4AC5-84A6-55AF88F43D2E}.Release|Any CPU.Build.0 = Release|Any CPU
		{025C0732-ED80-4A4A-9952-1663286CBB87}.Debug|Any CPU.ActiveCfg = Debug|Any CPU
		{025C0732-ED80-4A4A-9952-1663286CBB87}.Debug|Any CPU.Build.0 = Debug|Any CPU
		{025C0732-ED80-4A4A-9952-1663286CBB87}.Release|Any CPU.ActiveCfg = Release|Any CPU
		{025C0732-ED80-4A4A-9952-1663286CBB87}.Release|Any CPU.Build.0 = Release|Any CPU
		{E4F71214-5EDA-4DAC-BD8E-3BD1F3AB93BD}.Debug|Any CPU.ActiveCfg = Debug|Any CPU
		{E4F71214-5EDA-4DAC-BD8E-3BD1F3AB93BD}.Debug|Any CPU.Build.0 = Debug|Any CPU
		{E4F71214-5EDA-4DAC-BD8E-3BD1F3AB93BD}.Release|Any CPU.ActiveCfg = Release|Any CPU
		{E4F71214-5EDA-4DAC-BD8E-3BD1F3AB93BD}.Release|Any CPU.Build.0 = Release|Any CPU
		{5D8603C3-B341-4B9B-A96A-059BAE01FE91}.Debug|Any CPU.ActiveCfg = Debug|Any CPU
		{5D8603C3-B341-4B9B-A96A-059BAE01FE91}.Debug|Any CPU.Build.0 = Debug|Any CPU
		{5D8603C3-B341-4B9B-A96A-059BAE01FE91}.Release|Any CPU.ActiveCfg = Release|Any CPU
		{5D8603C3-B341-4B9B-A96A-059BAE01FE91}.Release|Any CPU.Build.0 = Release|Any CPU
		{019A3CF9-1619-4591-9570-195677BC37C7}.Debug|Any CPU.ActiveCfg = Debug|Any CPU
		{019A3CF9-1619-4591-9570-195677BC37C7}.Debug|Any CPU.Build.0 = Debug|Any CPU
		{019A3CF9-1619-4591-9570-195677BC37C7}.Release|Any CPU.ActiveCfg = Release|Any CPU
		{019A3CF9-1619-4591-9570-195677BC37C7}.Release|Any CPU.Build.0 = Release|Any CPU
		{B12134FB-40BC-4855-97AB-10182B9805D2}.Debug|Any CPU.ActiveCfg = Debug|Any CPU
		{B12134FB-40BC-4855-97AB-10182B9805D2}.Debug|Any CPU.Build.0 = Debug|Any CPU
		{B12134FB-40BC-4855-97AB-10182B9805D2}.Release|Any CPU.ActiveCfg = Release|Any CPU
		{B12134FB-40BC-4855-97AB-10182B9805D2}.Release|Any CPU.Build.0 = Release|Any CPU
	EndGlobalSection
	GlobalSection(SolutionProperties) = preSolution
		HideSolutionNode = FALSE
	EndGlobalSection
EndGlobal
