
Microsoft Visual Studio Solution File, Format Version 12.00
# Visual Studio 14
VisualStudioVersion = 14.0.25420.1
MinimumVisualStudioVersion = 10.0.40219.1
Project("{FAE04EC0-301F-11D3-BF4B-00C04F79EFBC}") = "01. Charity Marathon", "01. Charity Marathon\01. Charity Marathon.csproj", "{B60DD119-E71A-4296-8598-528435D80EF0}"
EndProject
Project("{FAE04EC0-301F-11D3-BF4B-00C04F79EFBC}") = "02. Ladybugs", "02. Ladybugs\02. Ladybugs.csproj", "{F78CAC46-3258-42BA-B81A-36F13946D8C4}"
EndProject
Project("{FAE04EC0-301F-11D3-BF4B-00C04F79EFBC}") = "03. Nether Realms", "03. Nether Realms\03. Nether Realms.csproj", "{352A81CA-A309-40AE-BF31-797DE037796E}"
EndProject
Project("{FAE04EC0-301F-11D3-BF4B-00C04F79EFBC}") = "04. Roli The Coder", "04. Roli The Coder\04. Roli The Coder.csproj", "{68F833F0-3285-41AD-87B9-BDD871E6B663}"
EndProject
Global
	GlobalSection(SolutionConfigurationPlatforms) = preSolution
		Debug|Any CPU = Debug|Any CPU
		Release|Any CPU = Release|Any CPU
	EndGlobalSection
	GlobalSection(ProjectConfigurationPlatforms) = postSolution
		{B60DD119-E71A-4296-8598-528435D80EF0}.Debug|Any CPU.ActiveCfg = Debug|Any CPU
		{B60DD119-E71A-4296-8598-528435D80EF0}.Debug|Any CPU.Build.0 = Debug|Any CPU
		{B60DD119-E71A-4296-8598-528435D80EF0}.Release|Any CPU.ActiveCfg = Release|Any CPU
		{B60DD119-E71A-4296-8598-528435D80EF0}.Release|Any CPU.Build.0 = Release|Any CPU
		{F78CAC46-3258-42BA-B81A-36F13946D8C4}.Debug|Any CPU.ActiveCfg = Debug|Any CPU
		{F78CAC46-3258-42BA-B81A-36F13946D8C4}.Debug|Any CPU.Build.0 = Debug|Any CPU
		{F78CAC46-3258-42BA-B81A-36F13946D8C4}.Release|Any CPU.ActiveCfg = Release|Any CPU
		{F78CAC46-3258-42BA-B81A-36F13946D8C4}.Release|Any CPU.Build.0 = Release|Any CPU
		{352A81CA-A309-40AE-BF31-797DE037796E}.Debug|Any CPU.ActiveCfg = Debug|Any CPU
		{352A81CA-A309-40AE-BF31-797DE037796E}.Debug|Any CPU.Build.0 = Debug|Any CPU
		{352A81CA-A309-40AE-BF31-797DE037796E}.Release|Any CPU.ActiveCfg = Release|Any CPU
		{352A81CA-A309-40AE-BF31-797DE037796E}.Release|Any CPU.Build.0 = Release|Any CPU
		{68F833F0-3285-41AD-87B9-BDD871E6B663}.Debug|Any CPU.ActiveCfg = Debug|Any CPU
		{68F833F0-3285-41AD-87B9-BDD871E6B663}.Debug|Any CPU.Build.0 = Debug|Any CPU
		{68F833F0-3285-41AD-87B9-BDD871E6B663}.Release|Any CPU.ActiveCfg = Release|Any CPU
		{68F833F0-3285-41AD-87B9-BDD871E6B663}.Release|Any CPU.Build.0 = Release|Any CPU
	EndGlobalSection
	GlobalSection(SolutionProperties) = preSolution
		HideSolutionNode = FALSE
	EndGlobalSection
EndGlobal
